
Microsoft Visual Studio Solution File, Format Version 12.00
# Visual Studio 15
VisualStudioVersion = 15.0.28307.779
MinimumVisualStudioVersion = 10.0.40219.1
Project("{FAE04EC0-301F-11D3-BF4B-00C04F79EFBC}") = "MyWordPad", "MyWordPad\MyWordPad.csproj", "{53FC688B-01DF-43E8-8632-A48EF2F545CC}"
EndProject
Global
	GlobalSection(SolutionConfigurationPlatforms) = preSolution
		Debug|Any CPU = Debug|Any CPU
		Release|Any CPU = Release|Any CPU
	EndGlobalSection
	GlobalSection(ProjectConfigurationPlatforms) = postSolution
		{53FC688B-01DF-43E8-8632-A48EF2F545CC}.Debug|Any CPU.ActiveCfg = Debug|Any CPU
		{53FC688B-01DF-43E8-8632-A48EF2F545CC}.Debug|Any CPU.Build.0 = Debug|Any CPU
		{53FC688B-01DF-43E8-8632-A48EF2F545CC}.Release|Any CPU.ActiveCfg = Release|Any CPU
		{53FC688B-01DF-43E8-8632-A48EF2F545CC}.Release|Any CPU.Build.0 = Release|Any CPU
	EndGlobalSection
	GlobalSection(SolutionProperties) = preSolution
		HideSolutionNode = FALSE
	EndGlobalSection
	GlobalSection(ExtensibilityGlobals) = postSolution
		SolutionGuid = {1CB2485E-5DC9-4820-9E2B-19BE84E91A52}
	EndGlobalSection
EndGlobal
